
Microsoft Visual Studio Solution File, Format Version 12.00
# Visual Studio Version 16
VisualStudioVersion = 16.0.28803.156
MinimumVisualStudioVersion = 10.0.40219.1
Project("{8BC9CEB8-8B4A-11D0-8D11-00A0C91BC942}") = "ICYTOWERCL", "ICYTOWERCL\ICYTOWERCL.vcxproj", "{D75D8F51-EDDD-4B7D-9243-4304C956EFA7}"
EndProject
Global
	GlobalSection(SolutionConfigurationPlatforms) = preSolution
		Debug|x64 = Debug|x64
		Debug|x86 = Debug|x86
		Release|x64 = Release|x64
		Release|x86 = Release|x86
	EndGlobalSection
	GlobalSection(ProjectConfigurationPlatforms) = postSolution
		{D75D8F51-EDDD-4B7D-9243-4304C956EFA7}.Debug|x64.ActiveCfg = Debug|x64
		{D75D8F51-EDDD-4B7D-9243-4304C956EFA7}.Debug|x64.Build.0 = Debug|x64
		{D75D8F51-EDDD-4B7D-9243-4304C956EFA7}.Debug|x86.ActiveCfg = Debug|Win32
		{D75D8F51-EDDD-4B7D-9243-4304C956EFA7}.Debug|x86.Build.0 = Debug|Win32
		{D75D8F51-EDDD-4B7D-9243-4304C956EFA7}.Release|x64.ActiveCfg = Release|x64
		{D75D8F51-EDDD-4B7D-9243-4304C956EFA7}.Release|x64.Build.0 = Release|x64
		{D75D8F51-EDDD-4B7D-9243-4304C956EFA7}.Release|x86.ActiveCfg = Release|Win32
		{D75D8F51-EDDD-4B7D-9243-4304C956EFA7}.Release|x86.Build.0 = Release|Win32
	EndGlobalSection
	GlobalSection(SolutionProperties) = preSolution
		HideSolutionNode = FALSE
	EndGlobalSection
	GlobalSection(ExtensibilityGlobals) = postSolution
		SolutionGuid = {8481D1F7-A430-4D1C-8AED-7F1F98ED31E3}
	EndGlobalSection
EndGlobal
