<?xml version="1.0" encoding="utf-8"?>
<Project ToolsVersion="4.0" xmlns="http://schemas.microsoft.com/developer/msbuild/2003">
  <ItemGroup>
    <Filter Include="Source Files">
      <UniqueIdentifier>{4FC737F1-C7A5-4376-A066-2A32D752A2FF}</UniqueIdentifier>
      <Extensions>cpp;c;cc;cxx;def;odl;idl;hpj;bat;asm;asmx</Extensions>
    </Filter>
    <Filter Include="Header Files">
      <UniqueIdentifier>{93995380-89BD-4b04-88EB-625FBE52EBFB}</UniqueIdentifier>
      <Extensions>h;hh;hpp;hxx;hm;inl;inc;ipp;xsd</Extensions>
    </Filter>
    <Filter Include="Resource Files">
      <UniqueIdentifier>{67DA6AB6-F800-4c08-8B7A-83BB121AAD01}</UniqueIdentifier>
      <Extensions>rc;ico;cur;bmp;dlg;rc2;rct;bin;rgs;gif;jpg;jpeg;jpe;resx;tiff;tif;png;wav;mfcribbon-ms</Extensions>
    </Filter>
    <Filter Include="Resource Files\Sounds">
      <UniqueIdentifier>{1e4485ed-0cb5-4071-ad41-899aee4db8f1}</UniqueIdentifier>
    </Filter>
    <Filter Include="Resource Files\Sounds\combo_rewards">
      <UniqueIdentifier>{ef645956-f64e-4246-b28f-ad8e281f00fe}</UniqueIdentifier>
    </Filter>
  </ItemGroup>
  <ItemGroup>
    <ClCompile Include="main.cpp">
      <Filter>Source Files</Filter>
    </ClCompile>
    <ClCompile Include="Background.cpp">
      <Filter>Source Files</Filter>
    </ClCompile>
    <ClCompile Include="Platform.cpp">
      <Filter>Source Files</Filter>
    </ClCompile>
    <ClCompile Include="Camera.cpp">
      <Filter>Source Files</Filter>
    </ClCompile>
    <ClCompile Include="Player.cpp">
      <Filter>Source Files</Filter>
    </ClCompile>
    <ClCompile Include="Layer.cpp">
      <Filter>Source Files</Filter>
    </ClCompile>
    <ClCompile Include="PlatformLayer.cpp">
      <Filter>Source Files</Filter>
    </ClCompile>
    <ClCompile Include="Timer.cpp">
      <Filter>Source Files</Filter>
    </ClCompile>
    <ClCompile Include="Score.cpp">
      <Filter>Source Files</Filter>
    </ClCompile>
    <ClCompile Include="GameOver.cpp">
      <Filter>Source Files</Filter>
    </ClCompile>
    <ClCompile Include="EyeCandy.cpp">
      <Filter>Source Files</Filter>
    </ClCompile>
    <ClCompile Include="EyeCandyEngine.cpp">
      <Filter>Source Files</Filter>
    </ClCompile>
    <ClCompile Include="Font.cpp">
      <Filter>Source Files</Filter>
    </ClCompile>
    <ClCompile Include="RainbowEngine.cpp">
      <Filter>Source Files</Filter>
    </ClCompile>
    <ClCompile Include="Animation.cpp">
      <Filter>Source Files</Filter>
    </ClCompile>
    <ClCompile Include="Game.cpp">
      <Filter>Source Files</Filter>
    </ClCompile>
    <ClCompile Include="PitchedSound.cpp">
      <Filter>Source Files</Filter>
    </ClCompile>
  </ItemGroup>
  <ItemGroup>
    <ClInclude Include="Background.h">
      <Filter>Header Files</Filter>
    </ClInclude>
    <ClInclude Include="Platform.h">
      <Filter>Header Files</Filter>
    </ClInclude>
    <ClInclude Include="Camera.h">
      <Filter>Header Files</Filter>
    </ClInclude>
    <ClInclude Include="Player.h">
      <Filter>Header Files</Filter>
    </ClInclude>
    <ClInclude Include="Layer.h">
      <Filter>Header Files</Filter>
    </ClInclude>
    <ClInclude Include="PlatformLayer.h">
      <Filter>Header Files</Filter>
    </ClInclude>
    <ClInclude Include="Animation.h">
      <Filter>Header Files</Filter>
    </ClInclude>
    <ClInclude Include="Timer.h">
      <Filter>Header Files</Filter>
    </ClInclude>
    <ClInclude Include="Score.h">
      <Filter>Header Files</Filter>
    </ClInclude>
    <ClInclude Include="GameOver.h">
      <Filter>Header Files</Filter>
    </ClInclude>
    <ClInclude Include="EyeCandy.h">
      <Filter>Header Files</Filter>
    </ClInclude>
    <ClInclude Include="EyeCandyEngine.h">
      <Filter>Header Files</Filter>
    </ClInclude>
    <ClInclude Include="Font.h">
      <Filter>Header Files</Filter>
    </ClInclude>
    <ClInclude Include="RainbowEngine.h">
      <Filter>Header Files</Filter>
    </ClInclude>
    <ClInclude Include="Game.h">
      <Filter>Header Files</Filter>
    </ClInclude>
    <ClInclude Include="PitchedSound.h">
      <Filter>Header Files</Filter>
    </ClInclude>
  </ItemGroup>
  <ItemGroup>
    <Image Include="..\Assets\Bkg.png">
      <Filter>Resource Files</Filter>
    </Image>
    <Image Include="..\Assets\ClockHandle.png">
      <Filter>Resource Files</Filter>
    </Image>
    <Image Include="..\Assets\Ice.png">
      <Filter>Resource Files</Filter>
    </Image>
    <Image Include="..\Assets\IceA.png">
      <Filter>Resource Files</Filter>
    </Image>
    <Image Include="..\Assets\IceZ.png">
      <Filter>Resource Files</Filter>
    </Image>
    <Image Include="..\Assets\Wallz.png">
      <Filter>Resource Files</Filter>
    </Image>
    <Image Include="..\Assets\Clock.png">
      <Filter>Resource Files</Filter>
    </Image>
    <Image Include="..\Assets\ComboMeter.png">
      <Filter>Resource Files</Filter>
    </Image>
    <Image Include="..\Assets\ComboMeterBar.png">
      <Filter>Resource Files</Filter>
    </Image>
  </ItemGroup>
  <ItemGroup>
    <Font Include="..\Assets\RoteFlora.ttf">
      <Filter>Resource Files</Filter>
    </Font>
  </ItemGroup>
  <ItemGroup>
    <None Include="..\Assets\Sounds\edge.ogg">
      <Filter>Resource Files\Sounds</Filter>
    </None>
    <None Include="..\Assets\Sounds\falling.ogg">
      <Filter>Resource Files\Sounds</Filter>
    </None>
    <None Include="..\Assets\Sounds\jump_hi.ogg">
      <Filter>Resource Files\Sounds</Filter>
    </None>
    <None Include="..\Assets\Sounds\jump_lo.ogg">
      <Filter>Resource Files\Sounds</Filter>
    </None>
    <None Include="..\Assets\Sounds\jump_mid.ogg">
      <Filter>Resource Files\Sounds</Filter>
    </None>
    <None Include="..\Assets\Sounds\wazup.ogg">
      <Filter>Resource Files\Sounds</Filter>
    </None>
    <None Include="..\Assets\Sounds\yo.ogg">
      <Filter>Resource Files\Sounds</Filter>
    </None>
    <None Include="..\Assets\Sounds\alright.ogg">
      <Filter>Resource Files\Sounds</Filter>
    </None>
    <None Include="..\Assets\Sounds\beat.ogg">
      <Filter>Resource Files\Sounds</Filter>
    </None>
    <None Include="..\Assets\Sounds\collide.ogg">
      <Filter>Resource Files\Sounds</Filter>
    </None>
    <None Include="..\Assets\Sounds\combo_rewards\amazing.ogg">
      <Filter>Resource Files\Sounds\combo_rewards</Filter>
    </None>
    <None Include="..\Assets\Sounds\combo_rewards\extreme.ogg">
      <Filter>Resource Files\Sounds\combo_rewards</Filter>
    </None>
    <None Include="..\Assets\Sounds\combo_rewards\fantastic.ogg">
      <Filter>Resource Files\Sounds\combo_rewards</Filter>
    </None>
    <None Include="..\Assets\Sounds\combo_rewards\good.ogg">
      <Filter>Resource Files\Sounds\combo_rewards</Filter>
    </None>
    <None Include="..\Assets\Sounds\combo_rewards\great.ogg">
      <Filter>Resource Files\Sounds\combo_rewards</Filter>
    </None>
    <None Include="..\Assets\Sounds\combo_rewards\noway.ogg">
      <Filter>Resource Files\Sounds\combo_rewards</Filter>
    </None>
    <None Include="..\Assets\Sounds\combo_rewards\splendid.ogg">
      <Filter>Resource Files\Sounds\combo_rewards</Filter>
    </None>
    <None Include="..\Assets\Sounds\combo_rewards\super.ogg">
      <Filter>Resource Files\Sounds\combo_rewards</Filter>
    </None>
    <None Include="..\Assets\Sounds\combo_rewards\sweet.ogg">
      <Filter>Resource Files\Sounds\combo_rewards</Filter>
    </None>
    <None Include="..\Assets\Sounds\combo_rewards\wow.ogg">
      <Filter>Resource Files\Sounds\combo_rewards</Filter>
    </None>
    <None Include="..\Assets\Sounds\boom.ogg">
      <Filter>Resource Files\Sounds</Filter>
    </None>
    <None Include="..\Assets\Sounds\gameover.ogg">
      <Filter>Resource Files\Sounds</Filter>
    </None>
    <None Include="..\Assets\Sounds\hurry.ogg">
      <Filter>Resource Files\Sounds</Filter>
    </None>
    <None Include="..\Assets\Sounds\tryagain.ogg">
      <Filter>Resource Files\Sounds</Filter>
    </None>
  </ItemGroup>
</Project>